
Microsoft Visual Studio Solution File, Format Version 12.00
# Visual Studio Version 16
VisualStudioVersion = 16.0.30104.148
MinimumVisualStudioVersion = 10.0.40219.1
Project("{FAE04EC0-301F-11D3-BF4B-00C04F79EFBC}") = "Lab2.2", "Lab2.2.csproj", "{16438670-C993-4132-A5C6-A1A9D503FBE5}"
EndProject
Global
	GlobalSection(SolutionConfigurationPlatforms) = preSolution
		Debug|Any CPU = Debug|Any CPU
		Release|Any CPU = Release|Any CPU
	EndGlobalSection
	GlobalSection(ProjectConfigurationPlatforms) = postSolution
		{16438670-C993-4132-A5C6-A1A9D503FBE5}.Debug|Any CPU.ActiveCfg = Debug|Any CPU
		{16438670-C993-4132-A5C6-A1A9D503FBE5}.Debug|Any CPU.Build.0 = Debug|Any CPU
		{16438670-C993-4132-A5C6-A1A9D503FBE5}.Release|Any CPU.ActiveCfg = Release|Any CPU
		{16438670-C993-4132-A5C6-A1A9D503FBE5}.Release|Any CPU.Build.0 = Release|Any CPU
	EndGlobalSection
	GlobalSection(SolutionProperties) = preSolution
		HideSolutionNode = FALSE
	EndGlobalSection
	GlobalSection(ExtensibilityGlobals) = postSolution
		SolutionGuid = {AEE1AC32-8C79-4E08-90FA-6FC4BB19577B}
	EndGlobalSection
EndGlobal
